
Microsoft Visual Studio Solution File, Format Version 12.00
# Visual Studio Version 17
VisualStudioVersion = 17.10.35013.160
MinimumVisualStudioVersion = 10.0.40219.1
Project("{FAE04EC0-301F-11D3-BF4B-00C04F79EFBC}") = "WebApplication1", "WebApplication1\WebApplication1.csproj", "{43DDFB9E-997E-4754-A44A-43C818F5F0ED}"
EndProject
Global
	GlobalSection(SolutionConfigurationPlatforms) = preSolution
		Debug|Any CPU = Debug|Any CPU
		Release|Any CPU = Release|Any CPU
	EndGlobalSection
	GlobalSection(ProjectConfigurationPlatforms) = postSolution
		{43DDFB9E-997E-4754-A44A-43C818F5F0ED}.Debug|Any CPU.ActiveCfg = Debug|Any CPU
		{43DDFB9E-997E-4754-A44A-43C818F5F0ED}.Debug|Any CPU.Build.0 = Debug|Any CPU
		{43DDFB9E-997E-4754-A44A-43C818F5F0ED}.Release|Any CPU.ActiveCfg = Release|Any CPU
		{43DDFB9E-997E-4754-A44A-43C818F5F0ED}.Release|Any CPU.Build.0 = Release|Any CPU
	EndGlobalSection
	GlobalSection(SolutionProperties) = preSolution
		HideSolutionNode = FALSE
	EndGlobalSection
	GlobalSection(ExtensibilityGlobals) = postSolution
		SolutionGuid = {D9C73BF4-6B71-4E48-B702-F8384C556176}
	EndGlobalSection
EndGlobal
